
Microsoft Visual Studio Solution File, Format Version 12.00
# Visual Studio Version 17
VisualStudioVersion = 17.5.002.0
MinimumVisualStudioVersion = 10.0.40219.1
Project("{9A19103F-16F7-4668-BE54-9A1E7A4F7556}") = "SteamUsers", "SteamUsers.csproj", "{3F468276-D368-4B52-B8CF-3CDEA1E8121B}"
EndProject
Global
	GlobalSection(SolutionConfigurationPlatforms) = preSolution
		Debug|Any CPU = Debug|Any CPU
		Release|Any CPU = Release|Any CPU
	EndGlobalSection
	GlobalSection(ProjectConfigurationPlatforms) = postSolution
		{3F468276-D368-4B52-B8CF-3CDEA1E8121B}.Debug|Any CPU.ActiveCfg = Debug|Any CPU
		{3F468276-D368-4B52-B8CF-3CDEA1E8121B}.Debug|Any CPU.Build.0 = Debug|Any CPU
		{3F468276-D368-4B52-B8CF-3CDEA1E8121B}.Release|Any CPU.ActiveCfg = Release|Any CPU
		{3F468276-D368-4B52-B8CF-3CDEA1E8121B}.Release|Any CPU.Build.0 = Release|Any CPU
	EndGlobalSection
	GlobalSection(SolutionProperties) = preSolution
		HideSolutionNode = FALSE
	EndGlobalSection
	GlobalSection(ExtensibilityGlobals) = postSolution
		SolutionGuid = {C5069853-FB99-4869-909F-E1003CA253B8}
	EndGlobalSection
EndGlobal
